// !$*UTF8*$!
{
	archiveVersion = 1;
	classes = {
	};
	objectVersion = 56;
	objects = {

/* Begin PBXBuildFile section */
		747383642BEA82EF00BA385A /* main.cpp in Sources */ = {isa = PBXBuildFile; fileRef = 747383632BEA82EF00BA385A /* main.cpp */; };
		747383712BEA830100BA385A /* main.cpp in Sources */ = {isa = PBXBuildFile; fileRef = 747383702BEA830100BA385A /* main.cpp */; };
		7473837D2BEA854700BA385A /* main.cpp in Sources */ = {isa = PBXBuildFile; fileRef = 7473837C2BEA854700BA385A /* main.cpp */; };
/* End PBXBuildFile section */

/* Begin PBXCopyFilesBuildPhase section */
		7473835E2BEA82EF00BA385A /* CopyFiles */ = {
			isa = PBXCopyFilesBuildPhase;
			buildActionMask = 2147483647;
			dstPath = /usr/share/man/man1/;
			dstSubfolderSpec = 0;
			files = (
			);
			runOnlyForDeploymentPostprocessing = 1;
		};
		7473836C2BEA830100BA385A /* CopyFiles */ = {
			isa = PBXCopyFilesBuildPhase;
			buildActionMask = 2147483647;
			dstPath = /usr/share/man/man1/;
			dstSubfolderSpec = 0;
			files = (
			);
			runOnlyForDeploymentPostprocessing = 1;
		};
		747383782BEA854700BA385A /* CopyFiles */ = {
			isa = PBXCopyFilesBuildPhase;
			buildActionMask = 2147483647;
			dstPath = /usr/share/man/man1/;
			dstSubfolderSpec = 0;
			files = (
			);
			runOnlyForDeploymentPostprocessing = 1;
		};
/* End PBXCopyFilesBuildPhase section */

/* Begin PBXFileReference section */
		747383602BEA82EF00BA385A /* pzrl_dop */ = {isa = PBXFileReference; explicitFileType = "compiled.mach-o.executable"; includeInIndex = 0; path = pzrl_dop; sourceTree = BUILT_PRODUCTS_DIR; };
		747383632BEA82EF00BA385A /* main.cpp */ = {isa = PBXFileReference; lastKnownFileType = sourcecode.cpp.cpp; path = main.cpp; sourceTree = "<group>"; };
		7473836E2BEA830100BA385A /* string */ = {isa = PBXFileReference; explicitFileType = "compiled.mach-o.executable"; includeInIndex = 0; path = string; sourceTree = BUILT_PRODUCTS_DIR; };
		747383702BEA830100BA385A /* main.cpp */ = {isa = PBXFileReference; lastKnownFileType = sourcecode.cpp.cpp; path = main.cpp; sourceTree = "<group>"; };
		747383752BEA834100BA385A /* Header.h */ = {isa = PBXFileReference; lastKnownFileType = sourcecode.c.h; path = Header.h; sourceTree = "<group>"; };
		7473837A2BEA854700BA385A /* avl */ = {isa = PBXFileReference; explicitFileType = "compiled.mach-o.executable"; includeInIndex = 0; path = avl; sourceTree = BUILT_PRODUCTS_DIR; };
		7473837C2BEA854700BA385A /* main.cpp */ = {isa = PBXFileReference; lastKnownFileType = sourcecode.cpp.cpp; path = main.cpp; sourceTree = "<group>"; };
		747383812BEA855400BA385A /* Header.h */ = {isa = PBXFileReference; lastKnownFileType = sourcecode.c.h; path = Header.h; sourceTree = "<group>"; };
		74B424892BF6627000982279 /* Header.h */ = {isa = PBXFileReference; lastKnownFileType = sourcecode.c.h; path = Header.h; sourceTree = "<group>"; };
/* End PBXFileReference section */

/* Begin PBXFrameworksBuildPhase section */
		7473835D2BEA82EF00BA385A /* Frameworks */ = {
			isa = PBXFrameworksBuildPhase;
			buildActionMask = 2147483647;
			files = (
			);
			runOnlyForDeploymentPostprocessing = 0;
		};
		7473836B2BEA830100BA385A /* Frameworks */ = {
			isa = PBXFrameworksBuildPhase;
			buildActionMask = 2147483647;
			files = (
			);
			runOnlyForDeploymentPostprocessing = 0;
		};
		747383772BEA854700BA385A /* Frameworks */ = {
			isa = PBXFrameworksBuildPhase;
			buildActionMask = 2147483647;
			files = (
			);
			runOnlyForDeploymentPostprocessing = 0;
		};
/* End PBXFrameworksBuildPhase section */

/* Begin PBXGroup section */
		747383572BEA82EF00BA385A = {
			isa = PBXGroup;
			children = (
				747383622BEA82EF00BA385A /* pzrl_dop */,
				7473836F2BEA830100BA385A /* string */,
				7473837B2BEA854700BA385A /* avl */,
				747383612BEA82EF00BA385A /* Products */,
			);
			sourceTree = "<group>";
		};
		747383612BEA82EF00BA385A /* Products */ = {
			isa = PBXGroup;
			children = (
				747383602BEA82EF00BA385A /* pzrl_dop */,
				7473836E2BEA830100BA385A /* string */,
				7473837A2BEA854700BA385A /* avl */,
			);
			name = Products;
			sourceTree = "<group>";
		};
		747383622BEA82EF00BA385A /* pzrl_dop */ = {
			isa = PBXGroup;
			children = (
				747383632BEA82EF00BA385A /* main.cpp */,
				74B424892BF6627000982279 /* Header.h */,
			);
			path = pzrl_dop;
			sourceTree = "<group>";
		};
		7473836F2BEA830100BA385A /* string */ = {
			isa = PBXGroup;
			children = (
				747383702BEA830100BA385A /* main.cpp */,
				747383752BEA834100BA385A /* Header.h */,
			);
			path = string;
			sourceTree = "<group>";
		};
		7473837B2BEA854700BA385A /* avl */ = {
			isa = PBXGroup;
			children = (
				7473837C2BEA854700BA385A /* main.cpp */,
				747383812BEA855400BA385A /* Header.h */,
			);
			path = avl;
			sourceTree = "<group>";
		};
/* End PBXGroup section */

/* Begin PBXNativeTarget section */
		7473835F2BEA82EF00BA385A /* pzrl_dop */ = {
			isa = PBXNativeTarget;
			buildConfigurationList = 747383672BEA82EF00BA385A /* Build configuration list for PBXNativeTarget "pzrl_dop" */;
			buildPhases = (
				7473835C2BEA82EF00BA385A /* Sources */,
				7473835D2BEA82EF00BA385A /* Frameworks */,
				7473835E2BEA82EF00BA385A /* CopyFiles */,
			);
			buildRules = (
			);
			dependencies = (
			);
			name = pzrl_dop;
			productName = pzrl_dop;
			productReference = 747383602BEA82EF00BA385A /* pzrl_dop */;
			productType = "com.apple.product-type.tool";
		};
		7473836D2BEA830100BA385A /* string */ = {
			isa = PBXNativeTarget;
			buildConfigurationList = 747383722BEA830100BA385A /* Build configuration list for PBXNativeTarget "string" */;
			buildPhases = (
				7473836A2BEA830100BA385A /* Sources */,
				7473836B2BEA830100BA385A /* Frameworks */,
				7473836C2BEA830100BA385A /* CopyFiles */,
			);
			buildRules = (
			);
			dependencies = (
			);
			name = string;
			productName = string;
			productReference = 7473836E2BEA830100BA385A /* string */;
			productType = "com.apple.product-type.tool";
		};
		747383792BEA854700BA385A /* avl */ = {
			isa = PBXNativeTarget;
			buildConfigurationList = 7473837E2BEA854700BA385A /* Build configuration list for PBXNativeTarget "avl" */;
			buildPhases = (
				747383762BEA854700BA385A /* Sources */,
				747383772BEA854700BA385A /* Frameworks */,
				747383782BEA854700BA385A /* CopyFiles */,
			);
			buildRules = (
			);
			dependencies = (
			);
			name = avl;
			productName = avl;
			productReference = 7473837A2BEA854700BA385A /* avl */;
			productType = "com.apple.product-type.tool";
		};
/* End PBXNativeTarget section */

/* Begin PBXProject section */
		747383582BEA82EF00BA385A /* Project object */ = {
			isa = PBXProject;
			attributes = {
				BuildIndependentTargetsInParallel = 1;
				LastUpgradeCheck = 1500;
				TargetAttributes = {
					7473835F2BEA82EF00BA385A = {
						CreatedOnToolsVersion = 15.0;
					};
					7473836D2BEA830100BA385A = {
						CreatedOnToolsVersion = 15.0;
					};
					747383792BEA854700BA385A = {
						CreatedOnToolsVersion = 15.0;
					};
				};
			};
			buildConfigurationList = 7473835B2BEA82EF00BA385A /* Build configuration list for PBXProject "pzrl_dop" */;
			compatibilityVersion = "Xcode 14.0";
			developmentRegion = en;
			hasScannedForEncodings = 0;
			knownRegions = (
				en,
				Base,
			);
			mainGroup = 747383572BEA82EF00BA385A;
			productRefGroup = 747383612BEA82EF00BA385A /* Products */;
			projectDirPath = "";
			projectRoot = "";
			targets = (
				7473835F2BEA82EF00BA385A /* pzrl_dop */,
				7473836D2BEA830100BA385A /* string */,
				747383792BEA854700BA385A /* avl */,
			);
		};
/* End PBXProject section */

/* Begin PBXSourcesBuildPhase section */
		7473835C2BEA82EF00BA385A /* Sources */ = {
			isa = PBXSourcesBuildPhase;
			buildActionMask = 2147483647;
			files = (
				747383642BEA82EF00BA385A /* main.cpp in Sources */,
			);
			runOnlyForDeploymentPostprocessing = 0;
		};
		7473836A2BEA830100BA385A /* Sources */ = {
			isa = PBXSourcesBuildPhase;
			buildActionMask = 2147483647;
			files = (
				747383712BEA830100BA385A /* main.cpp in Sources */,
			);
			runOnlyForDeploymentPostprocessing = 0;
		};
		747383762BEA854700BA385A /* Sources */ = {
			isa = PBXSourcesBuildPhase;
			buildActionMask = 2147483647;
			files = (
				7473837D2BEA854700BA385A /* main.cpp in Sources */,
			);
			runOnlyForDeploymentPostprocessing = 0;
		};
/* End PBXSourcesBuildPhase section */

/* Begin XCBuildConfiguration section */
		747383652BEA82EF00BA385A /* Debug */ = {
			isa = XCBuildConfiguration;
			buildSettings = {
				ALWAYS_SEARCH_USER_PATHS = NO;
				ASSETCATALOG_COMPILER_GENERATE_SWIFT_ASSET_SYMBOL_EXTENSIONS = YES;
				CLANG_ANALYZER_NONNULL = YES;
				CLANG_ANALYZER_NUMBER_OBJECT_CONVERSION = YES_AGGRESSIVE;
				CLANG_CXX_LANGUAGE_STANDARD = "gnu++20";
				CLANG_ENABLE_MODULES = YES;
				CLANG_ENABLE_OBJC_ARC = YES;
				CLANG_ENABLE_OBJC_WEAK = YES;
				CLANG_WARN_BLOCK_CAPTURE_AUTORELEASING = YES;
				CLANG_WARN_BOOL_CONVERSION = YES;
				CLANG_WARN_COMMA = YES;
				CLANG_WARN_CONSTANT_CONVERSION = YES;
				CLANG_WARN_DEPRECATED_OBJC_IMPLEMENTATIONS = YES;
				CLANG_WARN_DIRECT_OBJC_ISA_USAGE = YES_ERROR;
				CLANG_WARN_DOCUMENTATION_COMMENTS = YES;
				CLANG_WARN_EMPTY_BODY = YES;
				CLANG_WARN_ENUM_CONVERSION = YES;
				CLANG_WARN_INFINITE_RECURSION = YES;
				CLANG_WARN_INT_CONVERSION = YES;
				CLANG_WARN_NON_LITERAL_NULL_CONVERSION = YES;
				CLANG_WARN_OBJC_IMPLICIT_RETAIN_SELF = YES;
				CLANG_WARN_OBJC_LITERAL_CONVERSION = YES;
				CLANG_WARN_OBJC_ROOT_CLASS = YES_ERROR;
				CLANG_WARN_QUOTED_INCLUDE_IN_FRAMEWORK_HEADER = YES;
				CLANG_WARN_RANGE_LOOP_ANALYSIS = YES;
				CLANG_WARN_STRICT_PROTOTYPES = YES;
				CLANG_WARN_SUSPICIOUS_MOVE = YES;
				CLANG_WARN_UNGUARDED_AVAILABILITY = YES_AGGRESSIVE;
				CLANG_WARN_UNREACHABLE_CODE = YES;
				CLANG_WARN__DUPLICATE_METHOD_MATCH = YES;
				COPY_PHASE_STRIP = NO;
				DEBUG_INFORMATION_FORMAT = dwarf;
				ENABLE_STRICT_OBJC_MSGSEND = YES;
				ENABLE_TESTABILITY = YES;
				ENABLE_USER_SCRIPT_SANDBOXING = YES;
				GCC_C_LANGUAGE_STANDARD = gnu17;
				GCC_DYNAMIC_NO_PIC = NO;
				GCC_NO_COMMON_BLOCKS = YES;
				GCC_OPTIMIZATION_LEVEL = 0;
				GCC_PREPROCESSOR_DEFINITIONS = (
					"DEBUG=1",
					"$(inherited)",
				);
				GCC_WARN_64_TO_32_BIT_CONVERSION = YES;
				GCC_WARN_ABOUT_RETURN_TYPE = YES_ERROR;
				GCC_WARN_UNDECLARED_SELECTOR = YES;
				GCC_WARN_UNINITIALIZED_AUTOS = YES_AGGRESSIVE;
				GCC_WARN_UNUSED_FUNCTION = YES;
				GCC_WARN_UNUSED_VARIABLE = YES;
				LOCALIZATION_PREFERS_STRING_CATALOGS = YES;
				MACOSX_DEPLOYMENT_TARGET = 14.0;
				MTL_ENABLE_DEBUG_INFO = INCLUDE_SOURCE;
				MTL_FAST_MATH = YES;
				ONLY_ACTIVE_ARCH = YES;
				SDKROOT = macosx;
			};
			name = Debug;
		};
		747383662BEA82EF00BA385A /* Release */ = {
			isa = XCBuildConfiguration;
			buildSettings = {
				ALWAYS_SEARCH_USER_PATHS = NO;
				ASSETCATALOG_COMPILER_GENERATE_SWIFT_ASSET_SYMBOL_EXTENSIONS = YES;
				CLANG_ANALYZER_NONNULL = YES;
				CLANG_ANALYZER_NUMBER_OBJECT_CONVERSION = YES_AGGRESSIVE;
				CLANG_CXX_LANGUAGE_STANDARD = "gnu++20";
				CLANG_ENABLE_MODULES = YES;
				CLANG_ENABLE_OBJC_ARC = YES;
				CLANG_ENABLE_OBJC_WEAK = YES;
				CLANG_WARN_BLOCK_CAPTURE_AUTORELEASING = YES;
				CLANG_WARN_BOOL_CONVERSION = YES;
				CLANG_WARN_COMMA = YES;
				CLANG_WARN_CONSTANT_CONVERSION = YES;
				CLANG_WARN_DEPRECATED_OBJC_IMPLEMENTATIONS = YES;
				CLANG_WARN_DIRECT_OBJC_ISA_USAGE = YES_ERROR;
				CLANG_WARN_DOCUMENTATION_COMMENTS = YES;
				CLANG_WARN_EMPTY_BODY = YES;
				CLANG_WARN_ENUM_CONVERSION = YES;
				CLANG_WARN_INFINITE_RECURSION = YES;
				CLANG_WARN_INT_CONVERSION = YES;
				CLANG_WARN_NON_LITERAL_NULL_CONVERSION = YES;
				CLANG_WARN_OBJC_IMPLICIT_RETAIN_SELF = YES;
				CLANG_WARN_OBJC_LITERAL_CONVERSION = YES;
				CLANG_WARN_OBJC_ROOT_CLASS = YES_ERROR;
				CLANG_WARN_QUOTED_INCLUDE_IN_FRAMEWORK_HEADER = YES;
				CLANG_WARN_RANGE_LOOP_ANALYSIS = YES;
				CLANG_WARN_STRICT_PROTOTYPES = YES;
				CLANG_WARN_SUSPICIOUS_MOVE = YES;
				CLANG_WARN_UNGUARDED_AVAILABILITY = YES_AGGRESSIVE;
				CLANG_WARN_UNREACHABLE_CODE = YES;
				CLANG_WARN__DUPLICATE_METHOD_MATCH = YES;
				COPY_PHASE_STRIP = NO;
				DEBUG_INFORMATION_FORMAT = "dwarf-with-dsym";
				ENABLE_NS_ASSERTIONS = NO;
				ENABLE_STRICT_OBJC_MSGSEND = YES;
				ENABLE_USER_SCRIPT_SANDBOXING = YES;
				GCC_C_LANGUAGE_STANDARD = gnu17;
				GCC_NO_COMMON_BLOCKS = YES;
				GCC_WARN_64_TO_32_BIT_CONVERSION = YES;
				GCC_WARN_ABOUT_RETURN_TYPE = YES_ERROR;
				GCC_WARN_UNDECLARED_SELECTOR = YES;
				GCC_WARN_UNINITIALIZED_AUTOS = YES_AGGRESSIVE;
				GCC_WARN_UNUSED_FUNCTION = YES;
				GCC_WARN_UNUSED_VARIABLE = YES;
				LOCALIZATION_PREFERS_STRING_CATALOGS = YES;
				MACOSX_DEPLOYMENT_TARGET = 14.0;
				MTL_ENABLE_DEBUG_INFO = NO;
				MTL_FAST_MATH = YES;
				SDKROOT = macosx;
			};
			name = Release;
		};
		747383682BEA82EF00BA385A /* Debug */ = {
			isa = XCBuildConfiguration;
			buildSettings = {
				CODE_SIGN_STYLE = Automatic;
				PRODUCT_NAME = "$(TARGET_NAME)";
			};
			name = Debug;
		};
		747383692BEA82EF00BA385A /* Release */ = {
			isa = XCBuildConfiguration;
			buildSettings = {
				CODE_SIGN_STYLE = Automatic;
				PRODUCT_NAME = "$(TARGET_NAME)";
			};
			name = Release;
		};
		747383732BEA830100BA385A /* Debug */ = {
			isa = XCBuildConfiguration;
			buildSettings = {
				CODE_SIGN_STYLE = Automatic;
				PRODUCT_NAME = "$(TARGET_NAME)";
			};
			name = Debug;
		};
		747383742BEA830100BA385A /* Release */ = {
			isa = XCBuildConfiguration;
			buildSettings = {
				CODE_SIGN_STYLE = Automatic;
				PRODUCT_NAME = "$(TARGET_NAME)";
			};
			name = Release;
		};
		7473837F2BEA854700BA385A /* Debug */ = {
			isa = XCBuildConfiguration;
			buildSettings = {
				CODE_SIGN_STYLE = Automatic;
				PRODUCT_NAME = "$(TARGET_NAME)";
			};
			name = Debug;
		};
		747383802BEA854700BA385A /* Release */ = {
			isa = XCBuildConfiguration;
			buildSettings = {
				CODE_SIGN_STYLE = Automatic;
				PRODUCT_NAME = "$(TARGET_NAME)";
			};
			name = Release;
		};
/* End XCBuildConfiguration section */

/* Begin XCConfigurationList section */
		7473835B2BEA82EF00BA385A /* Build configuration list for PBXProject "pzrl_dop" */ = {
			isa = XCConfigurationList;
			buildConfigurations = (
				747383652BEA82EF00BA385A /* Debug */,
				747383662BEA82EF00BA385A /* Release */,
			);
			defaultConfigurationIsVisible = 0;
			defaultConfigurationName = Release;
		};
		747383672BEA82EF00BA385A /* Build configuration list for PBXNativeTarget "pzrl_dop" */ = {
			isa = XCConfigurationList;
			buildConfigurations = (
				747383682BEA82EF00BA385A /* Debug */,
				747383692BEA82EF00BA385A /* Release */,
			);
			defaultConfigurationIsVisible = 0;
			defaultConfigurationName = Release;
		};
		747383722BEA830100BA385A /* Build configuration list for PBXNativeTarget "string" */ = {
			isa = XCConfigurationList;
			buildConfigurations = (
				747383732BEA830100BA385A /* Debug */,
				747383742BEA830100BA385A /* Release */,
			);
			defaultConfigurationIsVisible = 0;
			defaultConfigurationName = Release;
		};
		7473837E2BEA854700BA385A /* Build configuration list for PBXNativeTarget "avl" */ = {
			isa = XCConfigurationList;
			buildConfigurations = (
				7473837F2BEA854700BA385A /* Debug */,
				747383802BEA854700BA385A /* Release */,
			);
			defaultConfigurationIsVisible = 0;
			defaultConfigurationName = Release;
		};
/* End XCConfigurationList section */
	};
	rootObject = 747383582BEA82EF00BA385A /* Project object */;
}
